
Microsoft Visual Studio Solution File, Format Version 12.00
# Visual Studio Version 16
VisualStudioVersion = 16.0.28803.352
MinimumVisualStudioVersion = 10.0.40219.1
Project("{FAE04EC0-301F-11D3-BF4B-00C04F79EFBC}") = "Navs5CrudApi", "Navs5CrudApi\Navs5CrudApi.csproj", "{36BD27D2-A335-45C7-85A4-FD487FB08316}"
EndProject
Global
	GlobalSection(SolutionConfigurationPlatforms) = preSolution
		Debug|Any CPU = Debug|Any CPU
		Release|Any CPU = Release|Any CPU
	EndGlobalSection
	GlobalSection(ProjectConfigurationPlatforms) = postSolution
		{36BD27D2-A335-45C7-85A4-FD487FB08316}.Debug|Any CPU.ActiveCfg = Debug|Any CPU
		{36BD27D2-A335-45C7-85A4-FD487FB08316}.Debug|Any CPU.Build.0 = Debug|Any CPU
		{36BD27D2-A335-45C7-85A4-FD487FB08316}.Release|Any CPU.ActiveCfg = Release|Any CPU
		{36BD27D2-A335-45C7-85A4-FD487FB08316}.Release|Any CPU.Build.0 = Release|Any CPU
	EndGlobalSection
	GlobalSection(SolutionProperties) = preSolution
		HideSolutionNode = FALSE
	EndGlobalSection
	GlobalSection(ExtensibilityGlobals) = postSolution
		SolutionGuid = {6A6B3D2D-D935-44EF-97F5-021AC779C30D}
	EndGlobalSection
EndGlobal
